
Microsoft Visual Studio Solution File, Format Version 12.00
# Visual Studio Version 17
VisualStudioVersion = 17.8.34525.116
MinimumVisualStudioVersion = 10.0.40219.1
Project("{9A19103F-16F7-4668-BE54-9A1E7A4F7556}") = "TCPIP Server", "TCPIP Server.csproj", "{21559D8C-25F0-46CA-8197-D973FA257E0A}"
EndProject
Project("{9A19103F-16F7-4668-BE54-9A1E7A4F7556}") = "Basic Client", "..\Basic Client\Basic Client.csproj", "{5B3BA421-B908-46F1-B7EE-5148F9F55FE6}"
EndProject
Global
	GlobalSection(SolutionConfigurationPlatforms) = preSolution
		Debug|Any CPU = Debug|Any CPU
		Release|Any CPU = Release|Any CPU
	EndGlobalSection
	GlobalSection(ProjectConfigurationPlatforms) = postSolution
		{21559D8C-25F0-46CA-8197-D973FA257E0A}.Debug|Any CPU.ActiveCfg = Debug|Any CPU
		{21559D8C-25F0-46CA-8197-D973FA257E0A}.Debug|Any CPU.Build.0 = Debug|Any CPU
		{21559D8C-25F0-46CA-8197-D973FA257E0A}.Release|Any CPU.ActiveCfg = Release|Any CPU
		{21559D8C-25F0-46CA-8197-D973FA257E0A}.Release|Any CPU.Build.0 = Release|Any CPU
		{5B3BA421-B908-46F1-B7EE-5148F9F55FE6}.Debug|Any CPU.ActiveCfg = Debug|Any CPU
		{5B3BA421-B908-46F1-B7EE-5148F9F55FE6}.Debug|Any CPU.Build.0 = Debug|Any CPU
		{5B3BA421-B908-46F1-B7EE-5148F9F55FE6}.Release|Any CPU.ActiveCfg = Release|Any CPU
		{5B3BA421-B908-46F1-B7EE-5148F9F55FE6}.Release|Any CPU.Build.0 = Release|Any CPU
	EndGlobalSection
	GlobalSection(SolutionProperties) = preSolution
		HideSolutionNode = FALSE
	EndGlobalSection
	GlobalSection(ExtensibilityGlobals) = postSolution
		SolutionGuid = {FDC64A4C-DFD9-4556-A614-981B5027ECE3}
	EndGlobalSection
EndGlobal
